// !$*UTF8*$!
{
	archiveVersion = 1;
	classes = {
	};
	objectVersion = 55;
	objects = {

/* Begin PBXBuildFile section */
		DF7C69CE27C01D2C00A5F5AC /* AppDelegate.swift in Sources */ = {isa = PBXBuildFile; fileRef = DF7C69CD27C01D2C00A5F5AC /* AppDelegate.swift */; };
		DF7C69D027C01D2C00A5F5AC /* SceneDelegate.swift in Sources */ = {isa = PBXBuildFile; fileRef = DF7C69CF27C01D2C00A5F5AC /* SceneDelegate.swift */; };
		DF7C69D727C01D2C00A5F5AC /* Assets.xcassets in Resources */ = {isa = PBXBuildFile; fileRef = DF7C69D627C01D2C00A5F5AC /* Assets.xcassets */; };
		DF7C69DA27C01D2C00A5F5AC /* LaunchScreen.storyboard in Resources */ = {isa = PBXBuildFile; fileRef = DF7C69D827C01D2C00A5F5AC /* LaunchScreen.storyboard */; };
		DF7C69E627C01E3C00A5F5AC /* HomeViewController.swift in Sources */ = {isa = PBXBuildFile; fileRef = DF7C69E427C01E3C00A5F5AC /* HomeViewController.swift */; };
		DF7C69E727C01E3C00A5F5AC /* HomeViewController.xib in Resources */ = {isa = PBXBuildFile; fileRef = DF7C69E527C01E3C00A5F5AC /* HomeViewController.xib */; };
		DF7C69E927C01E4C00A5F5AC /* HomeViewModel.swift in Sources */ = {isa = PBXBuildFile; fileRef = DF7C69E827C01E4C00A5F5AC /* HomeViewModel.swift */; };
		DF7C69EC27C0203700A5F5AC /* NetworkManager.swift in Sources */ = {isa = PBXBuildFile; fileRef = DF7C69EB27C0203700A5F5AC /* NetworkManager.swift */; };
		DF7C69EE27C0219000A5F5AC /* ShareModel.swift in Sources */ = {isa = PBXBuildFile; fileRef = DF7C69ED27C0219000A5F5AC /* ShareModel.swift */; };
		DF7C69F127C0390E00A5F5AC /* HomeCellViewModel.swift in Sources */ = {isa = PBXBuildFile; fileRef = DF7C69F027C0390E00A5F5AC /* HomeCellViewModel.swift */; };
		DF7C69F527C0499F00A5F5AC /* DetailViewController.swift in Sources */ = {isa = PBXBuildFile; fileRef = DF7C69F327C0499F00A5F5AC /* DetailViewController.swift */; };
		DF7C69F627C0499F00A5F5AC /* DetailViewController.xib in Resources */ = {isa = PBXBuildFile; fileRef = DF7C69F427C0499F00A5F5AC /* DetailViewController.xib */; };
		DF7C69F827C04B0900A5F5AC /* DetailViewModel.swift in Sources */ = {isa = PBXBuildFile; fileRef = DF7C69F727C04B0900A5F5AC /* DetailViewModel.swift */; };
		DF7C69FA27C05A1A00A5F5AC /* Box.swift in Sources */ = {isa = PBXBuildFile; fileRef = DF7C69F927C05A1A00A5F5AC /* Box.swift */; };
/* End PBXBuildFile section */

/* Begin PBXFileReference section */
		DF7C69CA27C01D2C00A5F5AC /* MVVM by iOS Academy.app */ = {isa = PBXFileReference; explicitFileType = wrapper.application; includeInIndex = 0; path = "MVVM by iOS Academy.app"; sourceTree = BUILT_PRODUCTS_DIR; };
		DF7C69CD27C01D2C00A5F5AC /* AppDelegate.swift */ = {isa = PBXFileReference; lastKnownFileType = sourcecode.swift; path = AppDelegate.swift; sourceTree = "<group>"; };
		DF7C69CF27C01D2C00A5F5AC /* SceneDelegate.swift */ = {isa = PBXFileReference; lastKnownFileType = sourcecode.swift; path = SceneDelegate.swift; sourceTree = "<group>"; };
		DF7C69D627C01D2C00A5F5AC /* Assets.xcassets */ = {isa = PBXFileReference; lastKnownFileType = folder.assetcatalog; path = Assets.xcassets; sourceTree = "<group>"; };
		DF7C69D927C01D2C00A5F5AC /* Base */ = {isa = PBXFileReference; lastKnownFileType = file.storyboard; name = Base; path = Base.lproj/LaunchScreen.storyboard; sourceTree = "<group>"; };
		DF7C69DB27C01D2D00A5F5AC /* Info.plist */ = {isa = PBXFileReference; lastKnownFileType = text.plist.xml; path = Info.plist; sourceTree = "<group>"; };
		DF7C69E427C01E3C00A5F5AC /* HomeViewController.swift */ = {isa = PBXFileReference; lastKnownFileType = sourcecode.swift; path = HomeViewController.swift; sourceTree = "<group>"; };
		DF7C69E527C01E3C00A5F5AC /* HomeViewController.xib */ = {isa = PBXFileReference; lastKnownFileType = file.xib; path = HomeViewController.xib; sourceTree = "<group>"; };
		DF7C69E827C01E4C00A5F5AC /* HomeViewModel.swift */ = {isa = PBXFileReference; lastKnownFileType = sourcecode.swift; path = HomeViewModel.swift; sourceTree = "<group>"; };
		DF7C69EB27C0203700A5F5AC /* NetworkManager.swift */ = {isa = PBXFileReference; lastKnownFileType = sourcecode.swift; path = NetworkManager.swift; sourceTree = "<group>"; };
		DF7C69ED27C0219000A5F5AC /* ShareModel.swift */ = {isa = PBXFileReference; lastKnownFileType = sourcecode.swift; path = ShareModel.swift; sourceTree = "<group>"; };
		DF7C69F027C0390E00A5F5AC /* HomeCellViewModel.swift */ = {isa = PBXFileReference; lastKnownFileType = sourcecode.swift; path = HomeCellViewModel.swift; sourceTree = "<group>"; };
		DF7C69F327C0499F00A5F5AC /* DetailViewController.swift */ = {isa = PBXFileReference; lastKnownFileType = sourcecode.swift; path = DetailViewController.swift; sourceTree = "<group>"; };
		DF7C69F427C0499F00A5F5AC /* DetailViewController.xib */ = {isa = PBXFileReference; lastKnownFileType = file.xib; path = DetailViewController.xib; sourceTree = "<group>"; };
		DF7C69F727C04B0900A5F5AC /* DetailViewModel.swift */ = {isa = PBXFileReference; lastKnownFileType = sourcecode.swift; path = DetailViewModel.swift; sourceTree = "<group>"; };
		DF7C69F927C05A1A00A5F5AC /* Box.swift */ = {isa = PBXFileReference; lastKnownFileType = sourcecode.swift; path = Box.swift; sourceTree = "<group>"; };
/* End PBXFileReference section */

/* Begin PBXFrameworksBuildPhase section */
		DF7C69C727C01D2C00A5F5AC /* Frameworks */ = {
			isa = PBXFrameworksBuildPhase;
			buildActionMask = 2147483647;
			files = (
			);
			runOnlyForDeploymentPostprocessing = 0;
		};
/* End PBXFrameworksBuildPhase section */

/* Begin PBXGroup section */
		DF7C69C127C01D2C00A5F5AC = {
			isa = PBXGroup;
			children = (
				DF7C69CC27C01D2C00A5F5AC /* MVVM by iOS Academy */,
				DF7C69CB27C01D2C00A5F5AC /* Products */,
			);
			sourceTree = "<group>";
		};
		DF7C69CB27C01D2C00A5F5AC /* Products */ = {
			isa = PBXGroup;
			children = (
				DF7C69CA27C01D2C00A5F5AC /* MVVM by iOS Academy.app */,
			);
			name = Products;
			sourceTree = "<group>";
		};
		DF7C69CC27C01D2C00A5F5AC /* MVVM by iOS Academy */ = {
			isa = PBXGroup;
			children = (
				DF7C69E127C01D3200A5F5AC /* Application */,
				DF7C69EA27C0201400A5F5AC /* Managers */,
				DF7C69E327C01D6F00A5F5AC /* Home Module */,
				DF7C69F227C046C000A5F5AC /* Detail Module */,
				DF7C69E227C01D4100A5F5AC /* Resources */,
				DF7C69F927C05A1A00A5F5AC /* Box.swift */,
			);
			path = "MVVM by iOS Academy";
			sourceTree = "<group>";
		};
		DF7C69E127C01D3200A5F5AC /* Application */ = {
			isa = PBXGroup;
			children = (
				DF7C69CD27C01D2C00A5F5AC /* AppDelegate.swift */,
				DF7C69CF27C01D2C00A5F5AC /* SceneDelegate.swift */,
				DF7C69D827C01D2C00A5F5AC /* LaunchScreen.storyboard */,
			);
			path = Application;
			sourceTree = "<group>";
		};
		DF7C69E227C01D4100A5F5AC /* Resources */ = {
			isa = PBXGroup;
			children = (
				DF7C69D627C01D2C00A5F5AC /* Assets.xcassets */,
				DF7C69DB27C01D2D00A5F5AC /* Info.plist */,
			);
			path = Resources;
			sourceTree = "<group>";
		};
		DF7C69E327C01D6F00A5F5AC /* Home Module */ = {
			isa = PBXGroup;
			children = (
				DF7C69EF27C0390400A5F5AC /* cell */,
				DF7C69E427C01E3C00A5F5AC /* HomeViewController.swift */,
				DF7C69E527C01E3C00A5F5AC /* HomeViewController.xib */,
				DF7C69E827C01E4C00A5F5AC /* HomeViewModel.swift */,
				DF7C69ED27C0219000A5F5AC /* ShareModel.swift */,
			);
			path = "Home Module";
			sourceTree = "<group>";
		};
		DF7C69EA27C0201400A5F5AC /* Managers */ = {
			isa = PBXGroup;
			children = (
				DF7C69EB27C0203700A5F5AC /* NetworkManager.swift */,
			);
			path = Managers;
			sourceTree = "<group>";
		};
		DF7C69EF27C0390400A5F5AC /* cell */ = {
			isa = PBXGroup;
			children = (
				DF7C69F027C0390E00A5F5AC /* HomeCellViewModel.swift */,
			);
			path = cell;
			sourceTree = "<group>";
		};
		DF7C69F227C046C000A5F5AC /* Detail Module */ = {
			isa = PBXGroup;
			children = (
				DF7C69F727C04B0900A5F5AC /* DetailViewModel.swift */,
				DF7C69F327C0499F00A5F5AC /* DetailViewController.swift */,
				DF7C69F427C0499F00A5F5AC /* DetailViewController.xib */,
			);
			path = "Detail Module";
			sourceTree = "<group>";
		};
/* End PBXGroup section */

/* Begin PBXNativeTarget section */
		DF7C69C927C01D2C00A5F5AC /* MVVM by iOS Academy */ = {
			isa = PBXNativeTarget;
			buildConfigurationList = DF7C69DE27C01D2D00A5F5AC /* Build configuration list for PBXNativeTarget "MVVM by iOS Academy" */;
			buildPhases = (
				DF7C69C627C01D2C00A5F5AC /* Sources */,
				DF7C69C727C01D2C00A5F5AC /* Frameworks */,
				DF7C69C827C01D2C00A5F5AC /* Resources */,
			);
			buildRules = (
			);
			dependencies = (
			);
			name = "MVVM by iOS Academy";
			productName = "MVVM by iOS Academy";
			productReference = DF7C69CA27C01D2C00A5F5AC /* MVVM by iOS Academy.app */;
			productType = "com.apple.product-type.application";
		};
/* End PBXNativeTarget section */

/* Begin PBXProject section */
		DF7C69C227C01D2C00A5F5AC /* Project object */ = {
			isa = PBXProject;
			attributes = {
				BuildIndependentTargetsInParallel = 1;
				LastSwiftUpdateCheck = 1320;
				LastUpgradeCheck = 1320;
				TargetAttributes = {
					DF7C69C927C01D2C00A5F5AC = {
						CreatedOnToolsVersion = 13.2.1;
					};
				};
			};
			buildConfigurationList = DF7C69C527C01D2C00A5F5AC /* Build configuration list for PBXProject "MVVM by iOS Academy" */;
			compatibilityVersion = "Xcode 13.0";
			developmentRegion = en;
			hasScannedForEncodings = 0;
			knownRegions = (
				en,
				Base,
			);
			mainGroup = DF7C69C127C01D2C00A5F5AC;
			productRefGroup = DF7C69CB27C01D2C00A5F5AC /* Products */;
			projectDirPath = "";
			projectRoot = "";
			targets = (
				DF7C69C927C01D2C00A5F5AC /* MVVM by iOS Academy */,
			);
		};
/* End PBXProject section */

/* Begin PBXResourcesBuildPhase section */
		DF7C69C827C01D2C00A5F5AC /* Resources */ = {
			isa = PBXResourcesBuildPhase;
			buildActionMask = 2147483647;
			files = (
				DF7C69DA27C01D2C00A5F5AC /* LaunchScreen.storyboard in Resources */,
				DF7C69D727C01D2C00A5F5AC /* Assets.xcassets in Resources */,
				DF7C69E727C01E3C00A5F5AC /* HomeViewController.xib in Resources */,
				DF7C69F627C0499F00A5F5AC /* DetailViewController.xib in Resources */,
			);
			runOnlyForDeploymentPostprocessing = 0;
		};
/* End PBXResourcesBuildPhase section */

/* Begin PBXSourcesBuildPhase section */
		DF7C69C627C01D2C00A5F5AC /* Sources */ = {
			isa = PBXSourcesBuildPhase;
			buildActionMask = 2147483647;
			files = (
				DF7C69F127C0390E00A5F5AC /* HomeCellViewModel.swift in Sources */,
				DF7C69CE27C01D2C00A5F5AC /* AppDelegate.swift in Sources */,
				DF7C69EE27C0219000A5F5AC /* ShareModel.swift in Sources */,
				DF7C69D027C01D2C00A5F5AC /* SceneDelegate.swift in Sources */,
				DF7C69F827C04B0900A5F5AC /* DetailViewModel.swift in Sources */,
				DF7C69EC27C0203700A5F5AC /* NetworkManager.swift in Sources */,
				DF7C69E627C01E3C00A5F5AC /* HomeViewController.swift in Sources */,
				DF7C69E927C01E4C00A5F5AC /* HomeViewModel.swift in Sources */,
				DF7C69F527C0499F00A5F5AC /* DetailViewController.swift in Sources */,
				DF7C69FA27C05A1A00A5F5AC /* Box.swift in Sources */,
			);
			runOnlyForDeploymentPostprocessing = 0;
		};
/* End PBXSourcesBuildPhase section */

/* Begin PBXVariantGroup section */
		DF7C69D827C01D2C00A5F5AC /* LaunchScreen.storyboard */ = {
			isa = PBXVariantGroup;
			children = (
				DF7C69D927C01D2C00A5F5AC /* Base */,
			);
			name = LaunchScreen.storyboard;
			sourceTree = "<group>";
		};
/* End PBXVariantGroup section */

/* Begin XCBuildConfiguration section */
		DF7C69DC27C01D2D00A5F5AC /* Debug */ = {
			isa = XCBuildConfiguration;
			buildSettings = {
				ALWAYS_SEARCH_USER_PATHS = NO;
				CLANG_ANALYZER_NONNULL = YES;
				CLANG_ANALYZER_NUMBER_OBJECT_CONVERSION = YES_AGGRESSIVE;
				CLANG_CXX_LANGUAGE_STANDARD = "gnu++17";
				CLANG_CXX_LIBRARY = "libc++";
				CLANG_ENABLE_MODULES = YES;
				CLANG_ENABLE_OBJC_ARC = YES;
				CLANG_ENABLE_OBJC_WEAK = YES;
				CLANG_WARN_BLOCK_CAPTURE_AUTORELEASING = YES;
				CLANG_WARN_BOOL_CONVERSION = YES;
				CLANG_WARN_COMMA = YES;
				CLANG_WARN_CONSTANT_CONVERSION = YES;
				CLANG_WARN_DEPRECATED_OBJC_IMPLEMENTATIONS = YES;
				CLANG_WARN_DIRECT_OBJC_ISA_USAGE = YES_ERROR;
				CLANG_WARN_DOCUMENTATION_COMMENTS = YES;
				CLANG_WARN_EMPTY_BODY = YES;
				CLANG_WARN_ENUM_CONVERSION = YES;
				CLANG_WARN_INFINITE_RECURSION = YES;
				CLANG_WARN_INT_CONVERSION = YES;
				CLANG_WARN_NON_LITERAL_NULL_CONVERSION = YES;
				CLANG_WARN_OBJC_IMPLICIT_RETAIN_SELF = YES;
				CLANG_WARN_OBJC_LITERAL_CONVERSION = YES;
				CLANG_WARN_OBJC_ROOT_CLASS = YES_ERROR;
				CLANG_WARN_QUOTED_INCLUDE_IN_FRAMEWORK_HEADER = YES;
				CLANG_WARN_RANGE_LOOP_ANALYSIS = YES;
				CLANG_WARN_STRICT_PROTOTYPES = YES;
				CLANG_WARN_SUSPICIOUS_MOVE = YES;
				CLANG_WARN_UNGUARDED_AVAILABILITY = YES_AGGRESSIVE;
				CLANG_WARN_UNREACHABLE_CODE = YES;
				CLANG_WARN__DUPLICATE_METHOD_MATCH = YES;
				COPY_PHASE_STRIP = NO;
				DEBUG_INFORMATION_FORMAT = dwarf;
				ENABLE_STRICT_OBJC_MSGSEND = YES;
				ENABLE_TESTABILITY = YES;
				GCC_C_LANGUAGE_STANDARD = gnu11;
				GCC_DYNAMIC_NO_PIC = NO;
				GCC_NO_COMMON_BLOCKS = YES;
				GCC_OPTIMIZATION_LEVEL = 0;
				GCC_PREPROCESSOR_DEFINITIONS = (
					"DEBUG=1",
					"$(inherited)",
				);
				GCC_WARN_64_TO_32_BIT_CONVERSION = YES;
				GCC_WARN_ABOUT_RETURN_TYPE = YES_ERROR;
				GCC_WARN_UNDECLARED_SELECTOR = YES;
				GCC_WARN_UNINITIALIZED_AUTOS = YES_AGGRESSIVE;
				GCC_WARN_UNUSED_FUNCTION = YES;
				GCC_WARN_UNUSED_VARIABLE = YES;
				IPHONEOS_DEPLOYMENT_TARGET = 15.2;
				MTL_ENABLE_DEBUG_INFO = INCLUDE_SOURCE;
				MTL_FAST_MATH = YES;
				ONLY_ACTIVE_ARCH = YES;
				SDKROOT = iphoneos;
				SWIFT_ACTIVE_COMPILATION_CONDITIONS = DEBUG;
				SWIFT_OPTIMIZATION_LEVEL = "-Onone";
			};
			name = Debug;
		};
		DF7C69DD27C01D2D00A5F5AC /* Release */ = {
			isa = XCBuildConfiguration;
			buildSettings = {
				ALWAYS_SEARCH_USER_PATHS = NO;
				CLANG_ANALYZER_NONNULL = YES;
				CLANG_ANALYZER_NUMBER_OBJECT_CONVERSION = YES_AGGRESSIVE;
				CLANG_CXX_LANGUAGE_STANDARD = "gnu++17";
				CLANG_CXX_LIBRARY = "libc++";
				CLANG_ENABLE_MODULES = YES;
				CLANG_ENABLE_OBJC_ARC = YES;
				CLANG_ENABLE_OBJC_WEAK = YES;
				CLANG_WARN_BLOCK_CAPTURE_AUTORELEASING = YES;
				CLANG_WARN_BOOL_CONVERSION = YES;
				CLANG_WARN_COMMA = YES;
				CLANG_WARN_CONSTANT_CONVERSION = YES;
				CLANG_WARN_DEPRECATED_OBJC_IMPLEMENTATIONS = YES;
				CLANG_WARN_DIRECT_OBJC_ISA_USAGE = YES_ERROR;
				CLANG_WARN_DOCUMENTATION_COMMENTS = YES;
				CLANG_WARN_EMPTY_BODY = YES;
				CLANG_WARN_ENUM_CONVERSION = YES;
				CLANG_WARN_INFINITE_RECURSION = YES;
				CLANG_WARN_INT_CONVERSION = YES;
				CLANG_WARN_NON_LITERAL_NULL_CONVERSION = YES;
				CLANG_WARN_OBJC_IMPLICIT_RETAIN_SELF = YES;
				CLANG_WARN_OBJC_LITERAL_CONVERSION = YES;
				CLANG_WARN_OBJC_ROOT_CLASS = YES_ERROR;
				CLANG_WARN_QUOTED_INCLUDE_IN_FRAMEWORK_HEADER = YES;
				CLANG_WARN_RANGE_LOOP_ANALYSIS = YES;
				CLANG_WARN_STRICT_PROTOTYPES = YES;
				CLANG_WARN_SUSPICIOUS_MOVE = YES;
				CLANG_WARN_UNGUARDED_AVAILABILITY = YES_AGGRESSIVE;
				CLANG_WARN_UNREACHABLE_CODE = YES;
				CLANG_WARN__DUPLICATE_METHOD_MATCH = YES;
				COPY_PHASE_STRIP = NO;
				DEBUG_INFORMATION_FORMAT = "dwarf-with-dsym";
				ENABLE_NS_ASSERTIONS = NO;
				ENABLE_STRICT_OBJC_MSGSEND = YES;
				GCC_C_LANGUAGE_STANDARD = gnu11;
				GCC_NO_COMMON_BLOCKS = YES;
				GCC_WARN_64_TO_32_BIT_CONVERSION = YES;
				GCC_WARN_ABOUT_RETURN_TYPE = YES_ERROR;
				GCC_WARN_UNDECLARED_SELECTOR = YES;
				GCC_WARN_UNINITIALIZED_AUTOS = YES_AGGRESSIVE;
				GCC_WARN_UNUSED_FUNCTION = YES;
				GCC_WARN_UNUSED_VARIABLE = YES;
				IPHONEOS_DEPLOYMENT_TARGET = 15.2;
				MTL_ENABLE_DEBUG_INFO = NO;
				MTL_FAST_MATH = YES;
				SDKROOT = iphoneos;
				SWIFT_COMPILATION_MODE = wholemodule;
				SWIFT_OPTIMIZATION_LEVEL = "-O";
				VALIDATE_PRODUCT = YES;
			};
			name = Release;
		};
		DF7C69DF27C01D2D00A5F5AC /* Debug */ = {
			isa = XCBuildConfiguration;
			buildSettings = {
				ASSETCATALOG_COMPILER_APPICON_NAME = AppIcon;
				ASSETCATALOG_COMPILER_GLOBAL_ACCENT_COLOR_NAME = AccentColor;
				CODE_SIGN_STYLE = Automatic;
				CURRENT_PROJECT_VERSION = 1;
				DEVELOPMENT_TEAM = Z783FFF863;
				GENERATE_INFOPLIST_FILE = YES;
				INFOPLIST_FILE = "MVVM by iOS Academy/Resources/Info.plist";
				INFOPLIST_KEY_UIApplicationSupportsIndirectInputEvents = YES;
				INFOPLIST_KEY_UILaunchStoryboardName = LaunchScreen;
				INFOPLIST_KEY_UISupportedInterfaceOrientations_iPad = "UIInterfaceOrientationPortrait UIInterfaceOrientationPortraitUpsideDown UIInterfaceOrientationLandscapeLeft UIInterfaceOrientationLandscapeRight";
				INFOPLIST_KEY_UISupportedInterfaceOrientations_iPhone = "UIInterfaceOrientationPortrait UIInterfaceOrientationLandscapeLeft UIInterfaceOrientationLandscapeRight";
				LD_RUNPATH_SEARCH_PATHS = (
					"$(inherited)",
					"@executable_path/Frameworks",
				);
				MARKETING_VERSION = 1.0;
				PRODUCT_BUNDLE_IDENTIFIER = "com.EugeneDudkin.MVVM-by-iOS-Academy";
				PRODUCT_NAME = "$(TARGET_NAME)";
				SWIFT_EMIT_LOC_STRINGS = YES;
				SWIFT_VERSION = 5.0;
				TARGETED_DEVICE_FAMILY = 1;
			};
			name = Debug;
		};
		DF7C69E027C01D2D00A5F5AC /* Release */ = {
			isa = XCBuildConfiguration;
			buildSettings = {
				ASSETCATALOG_COMPILER_APPICON_NAME = AppIcon;
				ASSETCATALOG_COMPILER_GLOBAL_ACCENT_COLOR_NAME = AccentColor;
				CODE_SIGN_STYLE = Automatic;
				CURRENT_PROJECT_VERSION = 1;
				DEVELOPMENT_TEAM = Z783FFF863;
				GENERATE_INFOPLIST_FILE = YES;
				INFOPLIST_FILE = "MVVM by iOS Academy/Resources/Info.plist";
				INFOPLIST_KEY_UIApplicationSupportsIndirectInputEvents = YES;
				INFOPLIST_KEY_UILaunchStoryboardName = LaunchScreen;
				INFOPLIST_KEY_UISupportedInterfaceOrientations_iPad = "UIInterfaceOrientationPortrait UIInterfaceOrientationPortraitUpsideDown UIInterfaceOrientationLandscapeLeft UIInterfaceOrientationLandscapeRight";
				INFOPLIST_KEY_UISupportedInterfaceOrientations_iPhone = "UIInterfaceOrientationPortrait UIInterfaceOrientationLandscapeLeft UIInterfaceOrientationLandscapeRight";
				LD_RUNPATH_SEARCH_PATHS = (
					"$(inherited)",
					"@executable_path/Frameworks",
				);
				MARKETING_VERSION = 1.0;
				PRODUCT_BUNDLE_IDENTIFIER = "com.EugeneDudkin.MVVM-by-iOS-Academy";
				PRODUCT_NAME = "$(TARGET_NAME)";
				SWIFT_EMIT_LOC_STRINGS = YES;
				SWIFT_VERSION = 5.0;
				TARGETED_DEVICE_FAMILY = 1;
			};
			name = Release;
		};
/* End XCBuildConfiguration section */

/* Begin XCConfigurationList section */
		DF7C69C527C01D2C00A5F5AC /* Build configuration list for PBXProject "MVVM by iOS Academy" */ = {
			isa = XCConfigurationList;
			buildConfigurations = (
				DF7C69DC27C01D2D00A5F5AC /* Debug */,
				DF7C69DD27C01D2D00A5F5AC /* Release */,
			);
			defaultConfigurationIsVisible = 0;
			defaultConfigurationName = Release;
		};
		DF7C69DE27C01D2D00A5F5AC /* Build configuration list for PBXNativeTarget "MVVM by iOS Academy" */ = {
			isa = XCConfigurationList;
			buildConfigurations = (
				DF7C69DF27C01D2D00A5F5AC /* Debug */,
				DF7C69E027C01D2D00A5F5AC /* Release */,
			);
			defaultConfigurationIsVisible = 0;
			defaultConfigurationName = Release;
		};
/* End XCConfigurationList section */
	};
	rootObject = DF7C69C227C01D2C00A5F5AC /* Project object */;
}
